
Microsoft Visual Studio Solution File, Format Version 12.00
# Visual Studio Version 16
VisualStudioVersion = 16.0.30804.86
MinimumVisualStudioVersion = 10.0.40219.1
Project("{FAE04EC0-301F-11D3-BF4B-00C04F79EFBC}") = "ConvertMetersTo Kilometers", "DateTipe\ConvertMetersTo Kilometers.csproj", "{BB97D34C-4E34-4F99-AFAC-D755E604B8B7}"
EndProject
Project("{FAE04EC0-301F-11D3-BF4B-00C04F79EFBC}") = "PoundsToDollars", "PoundsToDollars\PoundsToDollars.csproj", "{A8E71968-8FDE-4CF4-95A6-533F86AD0A11}"
EndProject
Project("{FAE04EC0-301F-11D3-BF4B-00C04F79EFBC}") = "ExactSumOfRealNumbers", "ExactSumOfRealNumbers\ExactSumOfRealNumbers.csproj", "{98D2BB43-E643-45CD-AD01-1F7280F17EFB}"
EndProject
Project("{FAE04EC0-301F-11D3-BF4B-00C04F79EFBC}") = "CenturiesToMinutes", "CenturiesToMinutes\CenturiesToMinutes.csproj", "{A21D7D35-D318-4B9E-81C9-C9A7CEECD685}"
EndProject
Project("{FAE04EC0-301F-11D3-BF4B-00C04F79EFBC}") = "SpecialNumber", "SpecialNumber\SpecialNumber.csproj", "{F8D28225-4E18-45D6-899D-E06ADB1A5C77}"
EndProject
Project("{FAE04EC0-301F-11D3-BF4B-00C04F79EFBC}") = "ReversedChars", "ReversedChars\ReversedChars.csproj", "{CA560951-D3AA-4F8D-B3A3-8B708ABE970D}"
EndProject
Project("{FAE04EC0-301F-11D3-BF4B-00C04F79EFBC}") = "ConcatName", "ConcatName\ConcatName.csproj", "{759A7B52-30B7-475B-893F-BB67EB62F97C}"
EndProject
Project("{FAE04EC0-301F-11D3-BF4B-00C04F79EFBC}") = "TownInfo", "TownInfo\TownInfo.csproj", "{CC79EF94-69FF-43FA-8ED5-6B1CEE2067CA}"
EndProject
Project("{FAE04EC0-301F-11D3-BF4B-00C04F79EFBC}") = "CharsToStrings", "CharsToStrings\CharsToStrings.csproj", "{7BA8AAB2-7A39-4938-905F-E4DC5139A9A8}"
EndProject
Project("{FAE04EC0-301F-11D3-BF4B-00C04F79EFBC}") = "LowerOrUpper", "LowerOrUpper\LowerOrUpper.csproj", "{AF3500EB-24EA-49A6-8453-FCCD909EF851}"
EndProject
Project("{FAE04EC0-301F-11D3-BF4B-00C04F79EFBC}") = "RefactorVolumeOfPiramid", "RefactorVolumeOfPiramid\RefactorVolumeOfPiramid.csproj", "{8750F5CD-5B1B-4ACB-8345-0DFE495C64AE}"
EndProject
Project("{FAE04EC0-301F-11D3-BF4B-00C04F79EFBC}") = "RefactorSpecialNumber", "RefactorSpecialNumber\RefactorSpecialNumber.csproj", "{6ADD232E-C720-41FD-83D5-367DB1A362EE}"
EndProject
Global
	GlobalSection(SolutionConfigurationPlatforms) = preSolution
		Debug|Any CPU = Debug|Any CPU
		Release|Any CPU = Release|Any CPU
	EndGlobalSection
	GlobalSection(ProjectConfigurationPlatforms) = postSolution
		{BB97D34C-4E34-4F99-AFAC-D755E604B8B7}.Debug|Any CPU.ActiveCfg = Debug|Any CPU
		{BB97D34C-4E34-4F99-AFAC-D755E604B8B7}.Debug|Any CPU.Build.0 = Debug|Any CPU
		{BB97D34C-4E34-4F99-AFAC-D755E604B8B7}.Release|Any CPU.ActiveCfg = Release|Any CPU
		{BB97D34C-4E34-4F99-AFAC-D755E604B8B7}.Release|Any CPU.Build.0 = Release|Any CPU
		{A8E71968-8FDE-4CF4-95A6-533F86AD0A11}.Debug|Any CPU.ActiveCfg = Debug|Any CPU
		{A8E71968-8FDE-4CF4-95A6-533F86AD0A11}.Debug|Any CPU.Build.0 = Debug|Any CPU
		{A8E71968-8FDE-4CF4-95A6-533F86AD0A11}.Release|Any CPU.ActiveCfg = Release|Any CPU
		{A8E71968-8FDE-4CF4-95A6-533F86AD0A11}.Release|Any CPU.Build.0 = Release|Any CPU
		{98D2BB43-E643-45CD-AD01-1F7280F17EFB}.Debug|Any CPU.ActiveCfg = Debug|Any CPU
		{98D2BB43-E643-45CD-AD01-1F7280F17EFB}.Debug|Any CPU.Build.0 = Debug|Any CPU
		{98D2BB43-E643-45CD-AD01-1F7280F17EFB}.Release|Any CPU.ActiveCfg = Release|Any CPU
		{98D2BB43-E643-45CD-AD01-1F7280F17EFB}.Release|Any CPU.Build.0 = Release|Any CPU
		{A21D7D35-D318-4B9E-81C9-C9A7CEECD685}.Debug|Any CPU.ActiveCfg = Debug|Any CPU
		{A21D7D35-D318-4B9E-81C9-C9A7CEECD685}.Debug|Any CPU.Build.0 = Debug|Any CPU
		{A21D7D35-D318-4B9E-81C9-C9A7CEECD685}.Release|Any CPU.ActiveCfg = Release|Any CPU
		{A21D7D35-D318-4B9E-81C9-C9A7CEECD685}.Release|Any CPU.Build.0 = Release|Any CPU
		{F8D28225-4E18-45D6-899D-E06ADB1A5C77}.Debug|Any CPU.ActiveCfg = Debug|Any CPU
		{F8D28225-4E18-45D6-899D-E06ADB1A5C77}.Debug|Any CPU.Build.0 = Debug|Any CPU
		{F8D28225-4E18-45D6-899D-E06ADB1A5C77}.Release|Any CPU.ActiveCfg = Release|Any CPU
		{F8D28225-4E18-45D6-899D-E06ADB1A5C77}.Release|Any CPU.Build.0 = Release|Any CPU
		{CA560951-D3AA-4F8D-B3A3-8B708ABE970D}.Debug|Any CPU.ActiveCfg = Debug|Any CPU
		{CA560951-D3AA-4F8D-B3A3-8B708ABE970D}.Debug|Any CPU.Build.0 = Debug|Any CPU
		{CA560951-D3AA-4F8D-B3A3-8B708ABE970D}.Release|Any CPU.ActiveCfg = Release|Any CPU
		{CA560951-D3AA-4F8D-B3A3-8B708ABE970D}.Release|Any CPU.Build.0 = Release|Any CPU
		{759A7B52-30B7-475B-893F-BB67EB62F97C}.Debug|Any CPU.ActiveCfg = Debug|Any CPU
		{759A7B52-30B7-475B-893F-BB67EB62F97C}.Debug|Any CPU.Build.0 = Debug|Any CPU
		{759A7B52-30B7-475B-893F-BB67EB62F97C}.Release|Any CPU.ActiveCfg = Release|Any CPU
		{759A7B52-30B7-475B-893F-BB67EB62F97C}.Release|Any CPU.Build.0 = Release|Any CPU
		{CC79EF94-69FF-43FA-8ED5-6B1CEE2067CA}.Debug|Any CPU.ActiveCfg = Debug|Any CPU
		{CC79EF94-69FF-43FA-8ED5-6B1CEE2067CA}.Debug|Any CPU.Build.0 = Debug|Any CPU
		{CC79EF94-69FF-43FA-8ED5-6B1CEE2067CA}.Release|Any CPU.ActiveCfg = Release|Any CPU
		{CC79EF94-69FF-43FA-8ED5-6B1CEE2067CA}.Release|Any CPU.Build.0 = Release|Any CPU
		{7BA8AAB2-7A39-4938-905F-E4DC5139A9A8}.Debug|Any CPU.ActiveCfg = Debug|Any CPU
		{7BA8AAB2-7A39-4938-905F-E4DC5139A9A8}.Debug|Any CPU.Build.0 = Debug|Any CPU
		{7BA8AAB2-7A39-4938-905F-E4DC5139A9A8}.Release|Any CPU.ActiveCfg = Release|Any CPU
		{7BA8AAB2-7A39-4938-905F-E4DC5139A9A8}.Release|Any CPU.Build.0 = Release|Any CPU
		{AF3500EB-24EA-49A6-8453-FCCD909EF851}.Debug|Any CPU.ActiveCfg = Debug|Any CPU
		{AF3500EB-24EA-49A6-8453-FCCD909EF851}.Debug|Any CPU.Build.0 = Debug|Any CPU
		{AF3500EB-24EA-49A6-8453-FCCD909EF851}.Release|Any CPU.ActiveCfg = Release|Any CPU
		{AF3500EB-24EA-49A6-8453-FCCD909EF851}.Release|Any CPU.Build.0 = Release|Any CPU
		{8750F5CD-5B1B-4ACB-8345-0DFE495C64AE}.Debug|Any CPU.ActiveCfg = Debug|Any CPU
		{8750F5CD-5B1B-4ACB-8345-0DFE495C64AE}.Debug|Any CPU.Build.0 = Debug|Any CPU
		{8750F5CD-5B1B-4ACB-8345-0DFE495C64AE}.Release|Any CPU.ActiveCfg = Release|Any CPU
		{8750F5CD-5B1B-4ACB-8345-0DFE495C64AE}.Release|Any CPU.Build.0 = Release|Any CPU
		{6ADD232E-C720-41FD-83D5-367DB1A362EE}.Debug|Any CPU.ActiveCfg = Debug|Any CPU
		{6ADD232E-C720-41FD-83D5-367DB1A362EE}.Debug|Any CPU.Build.0 = Debug|Any CPU
		{6ADD232E-C720-41FD-83D5-367DB1A362EE}.Release|Any CPU.ActiveCfg = Release|Any CPU
		{6ADD232E-C720-41FD-83D5-367DB1A362EE}.Release|Any CPU.Build.0 = Release|Any CPU
	EndGlobalSection
	GlobalSection(SolutionProperties) = preSolution
		HideSolutionNode = FALSE
	EndGlobalSection
	GlobalSection(ExtensibilityGlobals) = postSolution
		SolutionGuid = {2E1F5178-2CAA-4350-87BF-21A1D6244A09}
	EndGlobalSection
EndGlobal
